Microsoft Visual Studio Solution File, Format Version 12.00
# Visual Studio Version 17
VisualStudioVersion = 17.5.2.0
MinimumVisualStudioVersion = 10.0.40219.1
Project("{FAE04EC0-301F-11D3-BF4B-00C04F79EFBC}") = "DataverseCsvExporter", "DataverseCsvExporter.csproj", "{919A9D83-0DCF-AC10-3503-FFC50D7FEDA6}"
EndProject
Global
	GlobalSection(SolutionConfigurationPlatforms) = preSolution
		Debug|Any CPU = Debug|Any CPU
		Release|Any CPU = Release|Any CPU
	EndGlobalSection
	GlobalSection(ProjectConfigurationPlatforms) = postSolution
		{919A9D83-0DCF-AC10-3503-FFC50D7FEDA6}.Debug|Any CPU.ActiveCfg = Debug|Any CPU
		{919A9D83-0DCF-AC10-3503-FFC50D7FEDA6}.Debug|Any CPU.Build.0 = Debug|Any CPU
		{919A9D83-0DCF-AC10-3503-FFC50D7FEDA6}.Release|Any CPU.ActiveCfg = Release|Any CPU
		{919A9D83-0DCF-AC10-3503-FFC50D7FEDA6}.Release|Any CPU.Build.0 = Release|Any CPU
	EndGlobalSection
	GlobalSection(SolutionProperties) = preSolution
		HideSolutionNode = FALSE
	EndGlobalSection
	GlobalSection(ExtensibilityGlobals) = postSolution
		SolutionGuid = {E2E2388B-E700-4CA1-BC66-6183A5F66D0B}
	EndGlobalSection
EndGlobal
